
Microsoft Visual Studio Solution File, Format Version 12.00
# Visual Studio Version 17
VisualStudioVersion = 17.14.36121.58 d17.14
MinimumVisualStudioVersion = 10.0.40219.1
Project("{FAE04EC0-301F-11D3-BF4B-00C04F79EFBC}") = "SnakeGameProject", "SnakeGameProject\SnakeGameProject.csproj", "{DB8FEB24-0329-47FA-AB6E-AAF87CA22E92}"
EndProject
Global
	GlobalSection(SolutionConfigurationPlatforms) = preSolution
		Debug|Any CPU = Debug|Any CPU
		Release|Any CPU = Release|Any CPU
	EndGlobalSection
	GlobalSection(ProjectConfigurationPlatforms) = postSolution
		{DB8FEB24-0329-47FA-AB6E-AAF87CA22E92}.Debug|Any CPU.ActiveCfg = Debug|Any CPU
		{DB8FEB24-0329-47FA-AB6E-AAF87CA22E92}.Debug|Any CPU.Build.0 = Debug|Any CPU
		{DB8FEB24-0329-47FA-AB6E-AAF87CA22E92}.Release|Any CPU.ActiveCfg = Release|Any CPU
		{DB8FEB24-0329-47FA-AB6E-AAF87CA22E92}.Release|Any CPU.Build.0 = Release|Any CPU
	EndGlobalSection
	GlobalSection(SolutionProperties) = preSolution
		HideSolutionNode = FALSE
	EndGlobalSection
	GlobalSection(ExtensibilityGlobals) = postSolution
		SolutionGuid = {0BBD0F1D-1F3B-4172-BC46-F96CAB64D577}
	EndGlobalSection
EndGlobal
